// !$*UTF8*$!
{
	archiveVersion = 1;
	classes = {
	};
	objectVersion = 55;
	objects = {

/* Begin PBXBuildFile section */
		B422425428B8EB92005DB8F2 /* AppDelegate.swift in Sources */ = {isa = PBXBuildFile; fileRef = B422425328B8EB92005DB8F2 /* AppDelegate.swift */; };
		B422425628B8EB92005DB8F2 /* SceneDelegate.swift in Sources */ = {isa = PBXBuildFile; fileRef = B422425528B8EB92005DB8F2 /* SceneDelegate.swift */; };
		B422425828B8EB92005DB8F2 /* ViewController.swift in Sources */ = {isa = PBXBuildFile; fileRef = B422425728B8EB92005DB8F2 /* ViewController.swift */; };
		B422425B28B8EB92005DB8F2 /* Main.storyboard in Resources */ = {isa = PBXBuildFile; fileRef = B422425928B8EB92005DB8F2 /* Main.storyboard */; };
		B422425D28B8EB93005DB8F2 /* Assets.xcassets in Resources */ = {isa = PBXBuildFile; fileRef = B422425C28B8EB93005DB8F2 /* Assets.xcassets */; };
		B422426028B8EB93005DB8F2 /* LaunchScreen.storyboard in Resources */ = {isa = PBXBuildFile; fileRef = B422425E28B8EB93005DB8F2 /* LaunchScreen.storyboard */; };
		B422426F28B8EF12005DB8F2 /* APIClient.swift in Sources */ = {isa = PBXBuildFile; fileRef = B422426E28B8EF12005DB8F2 /* APIClient.swift */; };
		B422427128B8F473005DB8F2 /* Stock.swift in Sources */ = {isa = PBXBuildFile; fileRef = B422427028B8F473005DB8F2 /* Stock.swift */; };
		B422427328B8F80D005DB8F2 /* ViewModel.swift in Sources */ = {isa = PBXBuildFile; fileRef = B422427228B8F80D005DB8F2 /* ViewModel.swift */; };
		B422427728BB030B005DB8F2 /* StockTableViewCell.swift in Sources */ = {isa = PBXBuildFile; fileRef = B422427528BB030B005DB8F2 /* StockTableViewCell.swift */; };
		B422427828BB030B005DB8F2 /* StockTableViewCell.xib in Resources */ = {isa = PBXBuildFile; fileRef = B422427628BB030B005DB8F2 /* StockTableViewCell.xib */; };
		B45FFDA428D1C43B00BD37A8 /* Stocks.swift in Sources */ = {isa = PBXBuildFile; fileRef = B45FFDA328D1C43B00BD37A8 /* Stocks.swift */; };
		B4C3577B28E96E68005F59E9 /* APIKey.swift in Sources */ = {isa = PBXBuildFile; fileRef = B4C3577A28E96E68005F59E9 /* APIKey.swift */; };
/* End PBXBuildFile section */

/* Begin PBXFileReference section */
		B422425028B8EB92005DB8F2 /* Dow30Combine.app */ = {isa = PBXFileReference; explicitFileType = wrapper.application; includeInIndex = 0; path = Dow30Combine.app; sourceTree = BUILT_PRODUCTS_DIR; };
		B422425328B8EB92005DB8F2 /* AppDelegate.swift */ = {isa = PBXFileReference; lastKnownFileType = sourcecode.swift; path = AppDelegate.swift; sourceTree = "<group>"; };
		B422425528B8EB92005DB8F2 /* SceneDelegate.swift */ = {isa = PBXFileReference; lastKnownFileType = sourcecode.swift; path = SceneDelegate.swift; sourceTree = "<group>"; };
		B422425728B8EB92005DB8F2 /* ViewController.swift */ = {isa = PBXFileReference; lastKnownFileType = sourcecode.swift; path = ViewController.swift; sourceTree = "<group>"; };
		B422425A28B8EB92005DB8F2 /* Base */ = {isa = PBXFileReference; lastKnownFileType = file.storyboard; name = Base; path = Base.lproj/Main.storyboard; sourceTree = "<group>"; };
		B422425C28B8EB93005DB8F2 /* Assets.xcassets */ = {isa = PBXFileReference; lastKnownFileType = folder.assetcatalog; path = Assets.xcassets; sourceTree = "<group>"; };
		B422425F28B8EB93005DB8F2 /* Base */ = {isa = PBXFileReference; lastKnownFileType = file.storyboard; name = Base; path = Base.lproj/LaunchScreen.storyboard; sourceTree = "<group>"; };
		B422426128B8EB93005DB8F2 /* Info.plist */ = {isa = PBXFileReference; lastKnownFileType = text.plist.xml; path = Info.plist; sourceTree = "<group>"; };
		B422426E28B8EF12005DB8F2 /* APIClient.swift */ = {isa = PBXFileReference; lastKnownFileType = sourcecode.swift; path = APIClient.swift; sourceTree = "<group>"; };
		B422427028B8F473005DB8F2 /* Stock.swift */ = {isa = PBXFileReference; lastKnownFileType = sourcecode.swift; path = Stock.swift; sourceTree = "<group>"; };
		B422427228B8F80D005DB8F2 /* ViewModel.swift */ = {isa = PBXFileReference; lastKnownFileType = sourcecode.swift; path = ViewModel.swift; sourceTree = "<group>"; };
		B422427528BB030B005DB8F2 /* StockTableViewCell.swift */ = {isa = PBXFileReference; lastKnownFileType = sourcecode.swift; path = StockTableViewCell.swift; sourceTree = "<group>"; };
		B422427628BB030B005DB8F2 /* StockTableViewCell.xib */ = {isa = PBXFileReference; lastKnownFileType = file.xib; path = StockTableViewCell.xib; sourceTree = "<group>"; };
		B45FFDA328D1C43B00BD37A8 /* Stocks.swift */ = {isa = PBXFileReference; lastKnownFileType = sourcecode.swift; path = Stocks.swift; sourceTree = "<group>"; };
		B4C3577A28E96E68005F59E9 /* APIKey.swift */ = {isa = PBXFileReference; lastKnownFileType = sourcecode.swift; path = APIKey.swift; sourceTree = "<group>"; };
/* End PBXFileReference section */

/* Begin PBXFrameworksBuildPhase section */
		B422424D28B8EB92005DB8F2 /* Frameworks */ = {
			isa = PBXFrameworksBuildPhase;
			buildActionMask = 2147483647;
			files = (
			);
			runOnlyForDeploymentPostprocessing = 0;
		};
/* End PBXFrameworksBuildPhase section */

/* Begin PBXGroup section */
		B422424728B8EB92005DB8F2 = {
			isa = PBXGroup;
			children = (
				B422425228B8EB92005DB8F2 /* Dow30Combine */,
				B422425128B8EB92005DB8F2 /* Products */,
			);
			sourceTree = "<group>";
		};
		B422425128B8EB92005DB8F2 /* Products */ = {
			isa = PBXGroup;
			children = (
				B422425028B8EB92005DB8F2 /* Dow30Combine.app */,
			);
			name = Products;
			sourceTree = "<group>";
		};
		B422425228B8EB92005DB8F2 /* Dow30Combine */ = {
			isa = PBXGroup;
			children = (
				B4C3577C28E96E81005F59E9 /* Repository */,
				B422429B28BB940E005DB8F2 /* Model */,
				B422429928BB93F6005DB8F2 /* View */,
				B422429A28BB9408005DB8F2 /* ViewModel */,
				B4C3577A28E96E68005F59E9 /* APIKey.swift */,
				B422425328B8EB92005DB8F2 /* AppDelegate.swift */,
				B422425528B8EB92005DB8F2 /* SceneDelegate.swift */,
				B422425C28B8EB93005DB8F2 /* Assets.xcassets */,
				B422425E28B8EB93005DB8F2 /* LaunchScreen.storyboard */,
				B422426128B8EB93005DB8F2 /* Info.plist */,
			);
			path = Dow30Combine;
			sourceTree = "<group>";
		};
		B422429928BB93F6005DB8F2 /* View */ = {
			isa = PBXGroup;
			children = (
				B422425928B8EB92005DB8F2 /* Main.storyboard */,
				B422425728B8EB92005DB8F2 /* ViewController.swift */,
				B422427628BB030B005DB8F2 /* StockTableViewCell.xib */,
				B422427528BB030B005DB8F2 /* StockTableViewCell.swift */,
			);
			path = View;
			sourceTree = "<group>";
		};
		B422429A28BB9408005DB8F2 /* ViewModel */ = {
			isa = PBXGroup;
			children = (
				B422427228B8F80D005DB8F2 /* ViewModel.swift */,
			);
			path = ViewModel;
			sourceTree = "<group>";
		};
		B422429B28BB940E005DB8F2 /* Model */ = {
			isa = PBXGroup;
			children = (
				B422427028B8F473005DB8F2 /* Stock.swift */,
				B45FFDA328D1C43B00BD37A8 /* Stocks.swift */,
			);
			path = Model;
			sourceTree = "<group>";
		};
		B4C3577C28E96E81005F59E9 /* Repository */ = {
			isa = PBXGroup;
			children = (
				B422426E28B8EF12005DB8F2 /* APIClient.swift */,
			);
			path = Repository;
			sourceTree = "<group>";
		};
/* End PBXGroup section */

/* Begin PBXNativeTarget section */
		B422424F28B8EB92005DB8F2 /* Dow30Combine */ = {
			isa = PBXNativeTarget;
			buildConfigurationList = B422426428B8EB93005DB8F2 /* Build configuration list for PBXNativeTarget "Dow30Combine" */;
			buildPhases = (
				B422424C28B8EB92005DB8F2 /* Sources */,
				B422424D28B8EB92005DB8F2 /* Frameworks */,
				B422424E28B8EB92005DB8F2 /* Resources */,
			);
			buildRules = (
			);
			dependencies = (
			);
			name = Dow30Combine;
			packageProductDependencies = (
			);
			productName = RxSwiftTest;
			productReference = B422425028B8EB92005DB8F2 /* Dow30Combine.app */;
			productType = "com.apple.product-type.application";
		};
/* End PBXNativeTarget section */

/* Begin PBXProject section */
		B422424828B8EB92005DB8F2 /* Project object */ = {
			isa = PBXProject;
			attributes = {
				BuildIndependentTargetsInParallel = 1;
				LastSwiftUpdateCheck = 1340;
				LastUpgradeCheck = 1340;
				TargetAttributes = {
					B422424F28B8EB92005DB8F2 = {
						CreatedOnToolsVersion = 13.4.1;
					};
				};
			};
			buildConfigurationList = B422424B28B8EB92005DB8F2 /* Build configuration list for PBXProject "Dow30Combine" */;
			compatibilityVersion = "Xcode 13.0";
			developmentRegion = en;
			hasScannedForEncodings = 0;
			knownRegions = (
				en,
				Base,
			);
			mainGroup = B422424728B8EB92005DB8F2;
			packageReferences = (
				B422426728B8ECE6005DB8F2 /* XCRemoteSwiftPackageReference "RxSwift" */,
			);
			productRefGroup = B422425128B8EB92005DB8F2 /* Products */;
			projectDirPath = "";
			projectRoot = "";
			targets = (
				B422424F28B8EB92005DB8F2 /* Dow30Combine */,
			);
		};
/* End PBXProject section */

/* Begin PBXResourcesBuildPhase section */
		B422424E28B8EB92005DB8F2 /* Resources */ = {
			isa = PBXResourcesBuildPhase;
			buildActionMask = 2147483647;
			files = (
				B422426028B8EB93005DB8F2 /* LaunchScreen.storyboard in Resources */,
				B422427828BB030B005DB8F2 /* StockTableViewCell.xib in Resources */,
				B422425D28B8EB93005DB8F2 /* Assets.xcassets in Resources */,
				B422425B28B8EB92005DB8F2 /* Main.storyboard in Resources */,
			);
			runOnlyForDeploymentPostprocessing = 0;
		};
/* End PBXResourcesBuildPhase section */

/* Begin PBXSourcesBuildPhase section */
		B422424C28B8EB92005DB8F2 /* Sources */ = {
			isa = PBXSourcesBuildPhase;
			buildActionMask = 2147483647;
			files = (
				B422425828B8EB92005DB8F2 /* ViewController.swift in Sources */,
				B422425428B8EB92005DB8F2 /* AppDelegate.swift in Sources */,
				B422425628B8EB92005DB8F2 /* SceneDelegate.swift in Sources */,
				B422427128B8F473005DB8F2 /* Stock.swift in Sources */,
				B422427328B8F80D005DB8F2 /* ViewModel.swift in Sources */,
				B422427728BB030B005DB8F2 /* StockTableViewCell.swift in Sources */,
				B45FFDA428D1C43B00BD37A8 /* Stocks.swift in Sources */,
				B4C3577B28E96E68005F59E9 /* APIKey.swift in Sources */,
				B422426F28B8EF12005DB8F2 /* APIClient.swift in Sources */,
			);
			runOnlyForDeploymentPostprocessing = 0;
		};
/* End PBXSourcesBuildPhase section */

/* Begin PBXVariantGroup section */
		B422425928B8EB92005DB8F2 /* Main.storyboard */ = {
			isa = PBXVariantGroup;
			children = (
				B422425A28B8EB92005DB8F2 /* Base */,
			);
			name = Main.storyboard;
			sourceTree = "<group>";
		};
		B422425E28B8EB93005DB8F2 /* LaunchScreen.storyboard */ = {
			isa = PBXVariantGroup;
			children = (
				B422425F28B8EB93005DB8F2 /* Base */,
			);
			name = LaunchScreen.storyboard;
			sourceTree = "<group>";
		};
/* End PBXVariantGroup section */

/* Begin XCBuildConfiguration section */
		B422426228B8EB93005DB8F2 /* Debug */ = {
			isa = XCBuildConfiguration;
			buildSettings = {
				ALWAYS_SEARCH_USER_PATHS = NO;
				CLANG_ANALYZER_NONNULL = YES;
				CLANG_ANALYZER_NUMBER_OBJECT_CONVERSION = YES_AGGRESSIVE;
				CLANG_CXX_LANGUAGE_STANDARD = "gnu++17";
				CLANG_ENABLE_MODULES = YES;
				CLANG_ENABLE_OBJC_ARC = YES;
				CLANG_ENABLE_OBJC_WEAK = YES;
				CLANG_WARN_BLOCK_CAPTURE_AUTORELEASING = YES;
				CLANG_WARN_BOOL_CONVERSION = YES;
				CLANG_WARN_COMMA = YES;
				CLANG_WARN_CONSTANT_CONVERSION = YES;
				CLANG_WARN_DEPRECATED_OBJC_IMPLEMENTATIONS = YES;
				CLANG_WARN_DIRECT_OBJC_ISA_USAGE = YES_ERROR;
				CLANG_WARN_DOCUMENTATION_COMMENTS = YES;
				CLANG_WARN_EMPTY_BODY = YES;
				CLANG_WARN_ENUM_CONVERSION = YES;
				CLANG_WARN_INFINITE_RECURSION = YES;
				CLANG_WARN_INT_CONVERSION = YES;
				CLANG_WARN_NON_LITERAL_NULL_CONVERSION = YES;
				CLANG_WARN_OBJC_IMPLICIT_RETAIN_SELF = YES;
				CLANG_WARN_OBJC_LITERAL_CONVERSION = YES;
				CLANG_WARN_OBJC_ROOT_CLASS = YES_ERROR;
				CLANG_WARN_QUOTED_INCLUDE_IN_FRAMEWORK_HEADER = YES;
				CLANG_WARN_RANGE_LOOP_ANALYSIS = YES;
				CLANG_WARN_STRICT_PROTOTYPES = YES;
				CLANG_WARN_SUSPICIOUS_MOVE = YES;
				CLANG_WARN_UNGUARDED_AVAILABILITY = YES_AGGRESSIVE;
				CLANG_WARN_UNREACHABLE_CODE = YES;
				CLANG_WARN__DUPLICATE_METHOD_MATCH = YES;
				COPY_PHASE_STRIP = NO;
				DEBUG_INFORMATION_FORMAT = dwarf;
				ENABLE_STRICT_OBJC_MSGSEND = YES;
				ENABLE_TESTABILITY = YES;
				GCC_C_LANGUAGE_STANDARD = gnu11;
				GCC_DYNAMIC_NO_PIC = NO;
				GCC_NO_COMMON_BLOCKS = YES;
				GCC_OPTIMIZATION_LEVEL = 0;
				GCC_PREPROCESSOR_DEFINITIONS = (
					"DEBUG=1",
					"$(inherited)",
				);
				GCC_WARN_64_TO_32_BIT_CONVERSION = YES;
				GCC_WARN_ABOUT_RETURN_TYPE = YES_ERROR;
				GCC_WARN_UNDECLARED_SELECTOR = YES;
				GCC_WARN_UNINITIALIZED_AUTOS = YES_AGGRESSIVE;
				GCC_WARN_UNUSED_FUNCTION = YES;
				GCC_WARN_UNUSED_VARIABLE = YES;
				IPHONEOS_DEPLOYMENT_TARGET = 15.5;
				MTL_ENABLE_DEBUG_INFO = INCLUDE_SOURCE;
				MTL_FAST_MATH = YES;
				ONLY_ACTIVE_ARCH = YES;
				SDKROOT = iphoneos;
				SWIFT_ACTIVE_COMPILATION_CONDITIONS = DEBUG;
				SWIFT_OPTIMIZATION_LEVEL = "-Onone";
			};
			name = Debug;
		};
		B422426328B8EB93005DB8F2 /* Release */ = {
			isa = XCBuildConfiguration;
			buildSettings = {
				ALWAYS_SEARCH_USER_PATHS = NO;
				CLANG_ANALYZER_NONNULL = YES;
				CLANG_ANALYZER_NUMBER_OBJECT_CONVERSION = YES_AGGRESSIVE;
				CLANG_CXX_LANGUAGE_STANDARD = "gnu++17";
				CLANG_ENABLE_MODULES = YES;
				CLANG_ENABLE_OBJC_ARC = YES;
				CLANG_ENABLE_OBJC_WEAK = YES;
				CLANG_WARN_BLOCK_CAPTURE_AUTORELEASING = YES;
				CLANG_WARN_BOOL_CONVERSION = YES;
				CLANG_WARN_COMMA = YES;
				CLANG_WARN_CONSTANT_CONVERSION = YES;
				CLANG_WARN_DEPRECATED_OBJC_IMPLEMENTATIONS = YES;
				CLANG_WARN_DIRECT_OBJC_ISA_USAGE = YES_ERROR;
				CLANG_WARN_DOCUMENTATION_COMMENTS = YES;
				CLANG_WARN_EMPTY_BODY = YES;
				CLANG_WARN_ENUM_CONVERSION = YES;
				CLANG_WARN_INFINITE_RECURSION = YES;
				CLANG_WARN_INT_CONVERSION = YES;
				CLANG_WARN_NON_LITERAL_NULL_CONVERSION = YES;
				CLANG_WARN_OBJC_IMPLICIT_RETAIN_SELF = YES;
				CLANG_WARN_OBJC_LITERAL_CONVERSION = YES;
				CLANG_WARN_OBJC_ROOT_CLASS = YES_ERROR;
				CLANG_WARN_QUOTED_INCLUDE_IN_FRAMEWORK_HEADER = YES;
				CLANG_WARN_RANGE_LOOP_ANALYSIS = YES;
				CLANG_WARN_STRICT_PROTOTYPES = YES;
				CLANG_WARN_SUSPICIOUS_MOVE = YES;
				CLANG_WARN_UNGUARDED_AVAILABILITY = YES_AGGRESSIVE;
				CLANG_WARN_UNREACHABLE_CODE = YES;
				CLANG_WARN__DUPLICATE_METHOD_MATCH = YES;
				COPY_PHASE_STRIP = NO;
				DEBUG_INFORMATION_FORMAT = "dwarf-with-dsym";
				ENABLE_NS_ASSERTIONS = NO;
				ENABLE_STRICT_OBJC_MSGSEND = YES;
				GCC_C_LANGUAGE_STANDARD = gnu11;
				GCC_NO_COMMON_BLOCKS = YES;
				GCC_WARN_64_TO_32_BIT_CONVERSION = YES;
				GCC_WARN_ABOUT_RETURN_TYPE = YES_ERROR;
				GCC_WARN_UNDECLARED_SELECTOR = YES;
				GCC_WARN_UNINITIALIZED_AUTOS = YES_AGGRESSIVE;
				GCC_WARN_UNUSED_FUNCTION = YES;
				GCC_WARN_UNUSED_VARIABLE = YES;
				IPHONEOS_DEPLOYMENT_TARGET = 15.5;
				MTL_ENABLE_DEBUG_INFO = NO;
				MTL_FAST_MATH = YES;
				SDKROOT = iphoneos;
				SWIFT_COMPILATION_MODE = wholemodule;
				SWIFT_OPTIMIZATION_LEVEL = "-O";
				VALIDATE_PRODUCT = YES;
			};
			name = Release;
		};
		B422426528B8EB93005DB8F2 /* Debug */ = {
			isa = XCBuildConfiguration;
			buildSettings = {
				ASSETCATALOG_COMPILER_APPICON_NAME = AppIcon;
				ASSETCATALOG_COMPILER_GLOBAL_ACCENT_COLOR_NAME = AccentColor;
				CODE_SIGN_STYLE = Automatic;
				CURRENT_PROJECT_VERSION = 1;
				GENERATE_INFOPLIST_FILE = YES;
				INFOPLIST_FILE = Dow30Combine/Info.plist;
				INFOPLIST_KEY_UIApplicationSupportsIndirectInputEvents = YES;
				INFOPLIST_KEY_UILaunchStoryboardName = LaunchScreen;
				INFOPLIST_KEY_UIMainStoryboardFile = Main;
				INFOPLIST_KEY_UISupportedInterfaceOrientations_iPad = "UIInterfaceOrientationPortrait UIInterfaceOrientationPortraitUpsideDown UIInterfaceOrientationLandscapeLeft UIInterfaceOrientationLandscapeRight";
				INFOPLIST_KEY_UISupportedInterfaceOrientations_iPhone = "UIInterfaceOrientationPortrait UIInterfaceOrientationLandscapeLeft UIInterfaceOrientationLandscapeRight";
				IPHONEOS_DEPLOYMENT_TARGET = 15.0;
				LD_RUNPATH_SEARCH_PATHS = (
					"$(inherited)",
					"@executable_path/Frameworks",
				);
				MARKETING_VERSION = 1.0;
				PRODUCT_BUNDLE_IDENTIFIER = test.test.Dow30Combine;
				PRODUCT_NAME = "$(TARGET_NAME)";
				SWIFT_EMIT_LOC_STRINGS = YES;
				SWIFT_VERSION = 5.0;
				TARGETED_DEVICE_FAMILY = "1,2";
			};
			name = Debug;
		};
		B422426628B8EB93005DB8F2 /* Release */ = {
			isa = XCBuildConfiguration;
			buildSettings = {
				ASSETCATALOG_COMPILER_APPICON_NAME = AppIcon;
				ASSETCATALOG_COMPILER_GLOBAL_ACCENT_COLOR_NAME = AccentColor;
				CODE_SIGN_STYLE = Automatic;
				CURRENT_PROJECT_VERSION = 1;
				GENERATE_INFOPLIST_FILE = YES;
				INFOPLIST_FILE = Dow30Combine/Info.plist;
				INFOPLIST_KEY_UIApplicationSupportsIndirectInputEvents = YES;
				INFOPLIST_KEY_UILaunchStoryboardName = LaunchScreen;
				INFOPLIST_KEY_UIMainStoryboardFile = Main;
				INFOPLIST_KEY_UISupportedInterfaceOrientations_iPad = "UIInterfaceOrientationPortrait UIInterfaceOrientationPortraitUpsideDown UIInterfaceOrientationLandscapeLeft UIInterfaceOrientationLandscapeRight";
				INFOPLIST_KEY_UISupportedInterfaceOrientations_iPhone = "UIInterfaceOrientationPortrait UIInterfaceOrientationLandscapeLeft UIInterfaceOrientationLandscapeRight";
				IPHONEOS_DEPLOYMENT_TARGET = 15.0;
				LD_RUNPATH_SEARCH_PATHS = (
					"$(inherited)",
					"@executable_path/Frameworks",
				);
				MARKETING_VERSION = 1.0;
				PRODUCT_BUNDLE_IDENTIFIER = test.test.Dow30Combine;
				PRODUCT_NAME = "$(TARGET_NAME)";
				SWIFT_EMIT_LOC_STRINGS = YES;
				SWIFT_VERSION = 5.0;
				TARGETED_DEVICE_FAMILY = "1,2";
			};
			name = Release;
		};
/* End XCBuildConfiguration section */

/* Begin XCConfigurationList section */
		B422424B28B8EB92005DB8F2 /* Build configuration list for PBXProject "Dow30Combine" */ = {
			isa = XCConfigurationList;
			buildConfigurations = (
				B422426228B8EB93005DB8F2 /* Debug */,
				B422426328B8EB93005DB8F2 /* Release */,
			);
			defaultConfigurationIsVisible = 0;
			defaultConfigurationName = Release;
		};
		B422426428B8EB93005DB8F2 /* Build configuration list for PBXNativeTarget "Dow30Combine" */ = {
			isa = XCConfigurationList;
			buildConfigurations = (
				B422426528B8EB93005DB8F2 /* Debug */,
				B422426628B8EB93005DB8F2 /* Release */,
			);
			defaultConfigurationIsVisible = 0;
			defaultConfigurationName = Release;
		};
/* End XCConfigurationList section */

/* Begin XCRemoteSwiftPackageReference section */
		B422426728B8ECE6005DB8F2 /* XCRemoteSwiftPackageReference "RxSwift" */ = {
			isa = XCRemoteSwiftPackageReference;
			repositoryURL = "https://github.com/ReactiveX/RxSwift.git";
			requirement = {
				kind = upToNextMajorVersion;
				minimumVersion = 6.0.0;
			};
		};
/* End XCRemoteSwiftPackageReference section */
	};
	rootObject = B422424828B8EB92005DB8F2 /* Project object */;
}
