// !$*UTF8*$!
{
	archiveVersion = 1;
	classes = {
	};
	objectVersion = 55;
	objects = {

/* Begin PBXBuildFile section */
		B422428628BB1B20005DB8F2 /* dow30SwiftUIApp.swift in Sources */ = {isa = PBXBuildFile; fileRef = B422428528BB1B20005DB8F2 /* dow30SwiftUIApp.swift */; };
		B422428828BB1B20005DB8F2 /* StocksView.swift in Sources */ = {isa = PBXBuildFile; fileRef = B422428728BB1B20005DB8F2 /* StocksView.swift */; };
		B422428A28BB1B21005DB8F2 /* Assets.xcassets in Resources */ = {isa = PBXBuildFile; fileRef = B422428928BB1B21005DB8F2 /* Assets.xcassets */; };
		B422428D28BB1B21005DB8F2 /* Preview Assets.xcassets in Resources */ = {isa = PBXBuildFile; fileRef = B422428C28BB1B21005DB8F2 /* Preview Assets.xcassets */; };
		B422429428BB1B4D005DB8F2 /* APIClient.swift in Sources */ = {isa = PBXBuildFile; fileRef = B422429328BB1B4D005DB8F2 /* APIClient.swift */; };
		B422429628BB1B80005DB8F2 /* Stock.swift in Sources */ = {isa = PBXBuildFile; fileRef = B422429528BB1B80005DB8F2 /* Stock.swift */; };
		B422429828BB1BDD005DB8F2 /* StockView.swift in Sources */ = {isa = PBXBuildFile; fileRef = B422429728BB1BDD005DB8F2 /* StockView.swift */; };
		B45CC2C128FE9AA200392F49 /* SortType.swift in Sources */ = {isa = PBXBuildFile; fileRef = B45CC2C028FE9AA200392F49 /* SortType.swift */; };
		B45FFD9C28CDDC6500BD37A8 /* ViewModel.swift in Sources */ = {isa = PBXBuildFile; fileRef = B45FFD9B28CDDC6500BD37A8 /* ViewModel.swift */; };
		B45FFDA828D1CAE600BD37A8 /* Stocks.swift in Sources */ = {isa = PBXBuildFile; fileRef = B45FFDA728D1CAE600BD37A8 /* Stocks.swift */; };
/* End PBXBuildFile section */

/* Begin PBXFileReference section */
		B422428228BB1B20005DB8F2 /* dow30SwiftUI.app */ = {isa = PBXFileReference; explicitFileType = wrapper.application; includeInIndex = 0; path = dow30SwiftUI.app; sourceTree = BUILT_PRODUCTS_DIR; };
		B422428528BB1B20005DB8F2 /* dow30SwiftUIApp.swift */ = {isa = PBXFileReference; lastKnownFileType = sourcecode.swift; path = dow30SwiftUIApp.swift; sourceTree = "<group>"; };
		B422428728BB1B20005DB8F2 /* StocksView.swift */ = {isa = PBXFileReference; lastKnownFileType = sourcecode.swift; path = StocksView.swift; sourceTree = "<group>"; };
		B422428928BB1B21005DB8F2 /* Assets.xcassets */ = {isa = PBXFileReference; lastKnownFileType = folder.assetcatalog; path = Assets.xcassets; sourceTree = "<group>"; };
		B422428C28BB1B21005DB8F2 /* Preview Assets.xcassets */ = {isa = PBXFileReference; lastKnownFileType = folder.assetcatalog; path = "Preview Assets.xcassets"; sourceTree = "<group>"; };
		B422429328BB1B4D005DB8F2 /* APIClient.swift */ = {isa = PBXFileReference; lastKnownFileType = sourcecode.swift; path = APIClient.swift; sourceTree = "<group>"; };
		B422429528BB1B80005DB8F2 /* Stock.swift */ = {isa = PBXFileReference; lastKnownFileType = sourcecode.swift; path = Stock.swift; sourceTree = "<group>"; };
		B422429728BB1BDD005DB8F2 /* StockView.swift */ = {isa = PBXFileReference; lastKnownFileType = sourcecode.swift; path = StockView.swift; sourceTree = "<group>"; };
		B45CC2C028FE9AA200392F49 /* SortType.swift */ = {isa = PBXFileReference; lastKnownFileType = sourcecode.swift; path = SortType.swift; sourceTree = "<group>"; };
		B45FFD9B28CDDC6500BD37A8 /* ViewModel.swift */ = {isa = PBXFileReference; lastKnownFileType = sourcecode.swift; path = ViewModel.swift; sourceTree = "<group>"; };
		B45FFDA728D1CAE600BD37A8 /* Stocks.swift */ = {isa = PBXFileReference; lastKnownFileType = sourcecode.swift; path = Stocks.swift; sourceTree = "<group>"; };
/* End PBXFileReference section */

/* Begin PBXFrameworksBuildPhase section */
		B422427F28BB1B20005DB8F2 /* Frameworks */ = {
			isa = PBXFrameworksBuildPhase;
			buildActionMask = 2147483647;
			files = (
			);
			runOnlyForDeploymentPostprocessing = 0;
		};
/* End PBXFrameworksBuildPhase section */

/* Begin PBXGroup section */
		B422427928BB1B20005DB8F2 = {
			isa = PBXGroup;
			children = (
				B422428428BB1B20005DB8F2 /* dow30SwiftUI */,
				B422428328BB1B20005DB8F2 /* Products */,
			);
			sourceTree = "<group>";
		};
		B422428328BB1B20005DB8F2 /* Products */ = {
			isa = PBXGroup;
			children = (
				B422428228BB1B20005DB8F2 /* dow30SwiftUI.app */,
			);
			name = Products;
			sourceTree = "<group>";
		};
		B422428428BB1B20005DB8F2 /* dow30SwiftUI */ = {
			isa = PBXGroup;
			children = (
				B422428528BB1B20005DB8F2 /* dow30SwiftUIApp.swift */,
				B45CC2B428FD46ED00392F49 /* APIClient */,
				B45FFDA028CDE51300BD37A8 /* Model */,
				B45FFD9F28CDE50900BD37A8 /* View */,
				B45FFDA128CDFA2C00BD37A8 /* ViewModel */,
				B45CC2BF28FE9A9600392F49 /* Enum */,
				B422428928BB1B21005DB8F2 /* Assets.xcassets */,
				B422428B28BB1B21005DB8F2 /* Preview Content */,
			);
			path = dow30SwiftUI;
			sourceTree = "<group>";
		};
		B422428B28BB1B21005DB8F2 /* Preview Content */ = {
			isa = PBXGroup;
			children = (
				B422428C28BB1B21005DB8F2 /* Preview Assets.xcassets */,
			);
			path = "Preview Content";
			sourceTree = "<group>";
		};
		B45CC2B428FD46ED00392F49 /* APIClient */ = {
			isa = PBXGroup;
			children = (
				B422429328BB1B4D005DB8F2 /* APIClient.swift */,
			);
			path = APIClient;
			sourceTree = "<group>";
		};
		B45CC2BF28FE9A9600392F49 /* Enum */ = {
			isa = PBXGroup;
			children = (
				B45CC2C028FE9AA200392F49 /* SortType.swift */,
			);
			path = Enum;
			sourceTree = "<group>";
		};
		B45FFD9F28CDE50900BD37A8 /* View */ = {
			isa = PBXGroup;
			children = (
				B422428728BB1B20005DB8F2 /* StocksView.swift */,
				B422429728BB1BDD005DB8F2 /* StockView.swift */,
			);
			path = View;
			sourceTree = "<group>";
		};
		B45FFDA028CDE51300BD37A8 /* Model */ = {
			isa = PBXGroup;
			children = (
				B45FFDA728D1CAE600BD37A8 /* Stocks.swift */,
				B422429528BB1B80005DB8F2 /* Stock.swift */,
			);
			path = Model;
			sourceTree = "<group>";
		};
		B45FFDA128CDFA2C00BD37A8 /* ViewModel */ = {
			isa = PBXGroup;
			children = (
				B45FFD9B28CDDC6500BD37A8 /* ViewModel.swift */,
			);
			path = ViewModel;
			sourceTree = "<group>";
		};
/* End PBXGroup section */

/* Begin PBXNativeTarget section */
		B422428128BB1B20005DB8F2 /* dow30SwiftUI */ = {
			isa = PBXNativeTarget;
			buildConfigurationList = B422429028BB1B21005DB8F2 /* Build configuration list for PBXNativeTarget "dow30SwiftUI" */;
			buildPhases = (
				B422427E28BB1B20005DB8F2 /* Sources */,
				B422427F28BB1B20005DB8F2 /* Frameworks */,
				B422428028BB1B20005DB8F2 /* Resources */,
			);
			buildRules = (
			);
			dependencies = (
			);
			name = dow30SwiftUI;
			productName = dow30SwiftUI;
			productReference = B422428228BB1B20005DB8F2 /* dow30SwiftUI.app */;
			productType = "com.apple.product-type.application";
		};
/* End PBXNativeTarget section */

/* Begin PBXProject section */
		B422427A28BB1B20005DB8F2 /* Project object */ = {
			isa = PBXProject;
			attributes = {
				BuildIndependentTargetsInParallel = 1;
				LastSwiftUpdateCheck = 1340;
				LastUpgradeCheck = 1340;
				TargetAttributes = {
					B422428128BB1B20005DB8F2 = {
						CreatedOnToolsVersion = 13.4.1;
					};
				};
			};
			buildConfigurationList = B422427D28BB1B20005DB8F2 /* Build configuration list for PBXProject "dow30SwiftUI" */;
			compatibilityVersion = "Xcode 13.0";
			developmentRegion = en;
			hasScannedForEncodings = 0;
			knownRegions = (
				en,
				Base,
			);
			mainGroup = B422427928BB1B20005DB8F2;
			productRefGroup = B422428328BB1B20005DB8F2 /* Products */;
			projectDirPath = "";
			projectRoot = "";
			targets = (
				B422428128BB1B20005DB8F2 /* dow30SwiftUI */,
			);
		};
/* End PBXProject section */

/* Begin PBXResourcesBuildPhase section */
		B422428028BB1B20005DB8F2 /* Resources */ = {
			isa = PBXResourcesBuildPhase;
			buildActionMask = 2147483647;
			files = (
				B422428D28BB1B21005DB8F2 /* Preview Assets.xcassets in Resources */,
				B422428A28BB1B21005DB8F2 /* Assets.xcassets in Resources */,
			);
			runOnlyForDeploymentPostprocessing = 0;
		};
/* End PBXResourcesBuildPhase section */

/* Begin PBXSourcesBuildPhase section */
		B422427E28BB1B20005DB8F2 /* Sources */ = {
			isa = PBXSourcesBuildPhase;
			buildActionMask = 2147483647;
			files = (
				B422429828BB1BDD005DB8F2 /* StockView.swift in Sources */,
				B422428828BB1B20005DB8F2 /* StocksView.swift in Sources */,
				B422428628BB1B20005DB8F2 /* dow30SwiftUIApp.swift in Sources */,
				B45CC2C128FE9AA200392F49 /* SortType.swift in Sources */,
				B422429628BB1B80005DB8F2 /* Stock.swift in Sources */,
				B45FFD9C28CDDC6500BD37A8 /* ViewModel.swift in Sources */,
				B45FFDA828D1CAE600BD37A8 /* Stocks.swift in Sources */,
				B422429428BB1B4D005DB8F2 /* APIClient.swift in Sources */,
			);
			runOnlyForDeploymentPostprocessing = 0;
		};
/* End PBXSourcesBuildPhase section */

/* Begin XCBuildConfiguration section */
		B422428E28BB1B21005DB8F2 /* Debug */ = {
			isa = XCBuildConfiguration;
			buildSettings = {
				ALWAYS_SEARCH_USER_PATHS = NO;
				CLANG_ANALYZER_NONNULL = YES;
				CLANG_ANALYZER_NUMBER_OBJECT_CONVERSION = YES_AGGRESSIVE;
				CLANG_CXX_LANGUAGE_STANDARD = "gnu++17";
				CLANG_ENABLE_MODULES = YES;
				CLANG_ENABLE_OBJC_ARC = YES;
				CLANG_ENABLE_OBJC_WEAK = YES;
				CLANG_WARN_BLOCK_CAPTURE_AUTORELEASING = YES;
				CLANG_WARN_BOOL_CONVERSION = YES;
				CLANG_WARN_COMMA = YES;
				CLANG_WARN_CONSTANT_CONVERSION = YES;
				CLANG_WARN_DEPRECATED_OBJC_IMPLEMENTATIONS = YES;
				CLANG_WARN_DIRECT_OBJC_ISA_USAGE = YES_ERROR;
				CLANG_WARN_DOCUMENTATION_COMMENTS = YES;
				CLANG_WARN_EMPTY_BODY = YES;
				CLANG_WARN_ENUM_CONVERSION = YES;
				CLANG_WARN_INFINITE_RECURSION = YES;
				CLANG_WARN_INT_CONVERSION = YES;
				CLANG_WARN_NON_LITERAL_NULL_CONVERSION = YES;
				CLANG_WARN_OBJC_IMPLICIT_RETAIN_SELF = YES;
				CLANG_WARN_OBJC_LITERAL_CONVERSION = YES;
				CLANG_WARN_OBJC_ROOT_CLASS = YES_ERROR;
				CLANG_WARN_QUOTED_INCLUDE_IN_FRAMEWORK_HEADER = YES;
				CLANG_WARN_RANGE_LOOP_ANALYSIS = YES;
				CLANG_WARN_STRICT_PROTOTYPES = YES;
				CLANG_WARN_SUSPICIOUS_MOVE = YES;
				CLANG_WARN_UNGUARDED_AVAILABILITY = YES_AGGRESSIVE;
				CLANG_WARN_UNREACHABLE_CODE = YES;
				CLANG_WARN__DUPLICATE_METHOD_MATCH = YES;
				COPY_PHASE_STRIP = NO;
				DEBUG_INFORMATION_FORMAT = dwarf;
				ENABLE_STRICT_OBJC_MSGSEND = YES;
				ENABLE_TESTABILITY = YES;
				GCC_C_LANGUAGE_STANDARD = gnu11;
				GCC_DYNAMIC_NO_PIC = NO;
				GCC_NO_COMMON_BLOCKS = YES;
				GCC_OPTIMIZATION_LEVEL = 0;
				GCC_PREPROCESSOR_DEFINITIONS = (
					"DEBUG=1",
					"$(inherited)",
				);
				GCC_WARN_64_TO_32_BIT_CONVERSION = YES;
				GCC_WARN_ABOUT_RETURN_TYPE = YES_ERROR;
				GCC_WARN_UNDECLARED_SELECTOR = YES;
				GCC_WARN_UNINITIALIZED_AUTOS = YES_AGGRESSIVE;
				GCC_WARN_UNUSED_FUNCTION = YES;
				GCC_WARN_UNUSED_VARIABLE = YES;
				IPHONEOS_DEPLOYMENT_TARGET = 16.0;
				MTL_ENABLE_DEBUG_INFO = INCLUDE_SOURCE;
				MTL_FAST_MATH = YES;
				ONLY_ACTIVE_ARCH = YES;
				SDKROOT = iphoneos;
				SWIFT_ACTIVE_COMPILATION_CONDITIONS = DEBUG;
				SWIFT_OPTIMIZATION_LEVEL = "-Onone";
			};
			name = Debug;
		};
		B422428F28BB1B21005DB8F2 /* Release */ = {
			isa = XCBuildConfiguration;
			buildSettings = {
				ALWAYS_SEARCH_USER_PATHS = NO;
				CLANG_ANALYZER_NONNULL = YES;
				CLANG_ANALYZER_NUMBER_OBJECT_CONVERSION = YES_AGGRESSIVE;
				CLANG_CXX_LANGUAGE_STANDARD = "gnu++17";
				CLANG_ENABLE_MODULES = YES;
				CLANG_ENABLE_OBJC_ARC = YES;
				CLANG_ENABLE_OBJC_WEAK = YES;
				CLANG_WARN_BLOCK_CAPTURE_AUTORELEASING = YES;
				CLANG_WARN_BOOL_CONVERSION = YES;
				CLANG_WARN_COMMA = YES;
				CLANG_WARN_CONSTANT_CONVERSION = YES;
				CLANG_WARN_DEPRECATED_OBJC_IMPLEMENTATIONS = YES;
				CLANG_WARN_DIRECT_OBJC_ISA_USAGE = YES_ERROR;
				CLANG_WARN_DOCUMENTATION_COMMENTS = YES;
				CLANG_WARN_EMPTY_BODY = YES;
				CLANG_WARN_ENUM_CONVERSION = YES;
				CLANG_WARN_INFINITE_RECURSION = YES;
				CLANG_WARN_INT_CONVERSION = YES;
				CLANG_WARN_NON_LITERAL_NULL_CONVERSION = YES;
				CLANG_WARN_OBJC_IMPLICIT_RETAIN_SELF = YES;
				CLANG_WARN_OBJC_LITERAL_CONVERSION = YES;
				CLANG_WARN_OBJC_ROOT_CLASS = YES_ERROR;
				CLANG_WARN_QUOTED_INCLUDE_IN_FRAMEWORK_HEADER = YES;
				CLANG_WARN_RANGE_LOOP_ANALYSIS = YES;
				CLANG_WARN_STRICT_PROTOTYPES = YES;
				CLANG_WARN_SUSPICIOUS_MOVE = YES;
				CLANG_WARN_UNGUARDED_AVAILABILITY = YES_AGGRESSIVE;
				CLANG_WARN_UNREACHABLE_CODE = YES;
				CLANG_WARN__DUPLICATE_METHOD_MATCH = YES;
				COPY_PHASE_STRIP = NO;
				DEBUG_INFORMATION_FORMAT = "dwarf-with-dsym";
				ENABLE_NS_ASSERTIONS = NO;
				ENABLE_STRICT_OBJC_MSGSEND = YES;
				GCC_C_LANGUAGE_STANDARD = gnu11;
				GCC_NO_COMMON_BLOCKS = YES;
				GCC_WARN_64_TO_32_BIT_CONVERSION = YES;
				GCC_WARN_ABOUT_RETURN_TYPE = YES_ERROR;
				GCC_WARN_UNDECLARED_SELECTOR = YES;
				GCC_WARN_UNINITIALIZED_AUTOS = YES_AGGRESSIVE;
				GCC_WARN_UNUSED_FUNCTION = YES;
				GCC_WARN_UNUSED_VARIABLE = YES;
				IPHONEOS_DEPLOYMENT_TARGET = 16.0;
				MTL_ENABLE_DEBUG_INFO = NO;
				MTL_FAST_MATH = YES;
				SDKROOT = iphoneos;
				SWIFT_COMPILATION_MODE = wholemodule;
				SWIFT_OPTIMIZATION_LEVEL = "-O";
				VALIDATE_PRODUCT = YES;
			};
			name = Release;
		};
		B422429128BB1B21005DB8F2 /* Debug */ = {
			isa = XCBuildConfiguration;
			buildSettings = {
				ASSETCATALOG_COMPILER_APPICON_NAME = AppIcon;
				ASSETCATALOG_COMPILER_GLOBAL_ACCENT_COLOR_NAME = AccentColor;
				CODE_SIGN_STYLE = Automatic;
				CURRENT_PROJECT_VERSION = 1;
				DEVELOPMENT_ASSET_PATHS = "\"dow30SwiftUI/Preview Content\"";
				DEVELOPMENT_TEAM = "";
				ENABLE_PREVIEWS = YES;
				GENERATE_INFOPLIST_FILE = YES;
				INFOPLIST_KEY_UIApplicationSceneManifest_Generation = YES;
				INFOPLIST_KEY_UIApplicationSupportsIndirectInputEvents = YES;
				INFOPLIST_KEY_UILaunchScreen_Generation = YES;
				INFOPLIST_KEY_UISupportedInterfaceOrientations_iPad = "UIInterfaceOrientationPortrait UIInterfaceOrientationPortraitUpsideDown UIInterfaceOrientationLandscapeLeft UIInterfaceOrientationLandscapeRight";
				INFOPLIST_KEY_UISupportedInterfaceOrientations_iPhone = "UIInterfaceOrientationPortrait UIInterfaceOrientationLandscapeLeft UIInterfaceOrientationLandscapeRight";
				IPHONEOS_DEPLOYMENT_TARGET = 16.0;
				LD_RUNPATH_SEARCH_PATHS = (
					"$(inherited)",
					"@executable_path/Frameworks",
				);
				MARKETING_VERSION = 1.0;
				PRODUCT_BUNDLE_IDENTIFIER = test.test.dow30SwiftUI;
				PRODUCT_NAME = "$(TARGET_NAME)";
				SWIFT_EMIT_LOC_STRINGS = YES;
				SWIFT_VERSION = 5.0;
				TARGETED_DEVICE_FAMILY = "1,2";
			};
			name = Debug;
		};
		B422429228BB1B21005DB8F2 /* Release */ = {
			isa = XCBuildConfiguration;
			buildSettings = {
				ASSETCATALOG_COMPILER_APPICON_NAME = AppIcon;
				ASSETCATALOG_COMPILER_GLOBAL_ACCENT_COLOR_NAME = AccentColor;
				CODE_SIGN_STYLE = Automatic;
				CURRENT_PROJECT_VERSION = 1;
				DEVELOPMENT_ASSET_PATHS = "\"dow30SwiftUI/Preview Content\"";
				DEVELOPMENT_TEAM = "";
				ENABLE_PREVIEWS = YES;
				GENERATE_INFOPLIST_FILE = YES;
				INFOPLIST_KEY_UIApplicationSceneManifest_Generation = YES;
				INFOPLIST_KEY_UIApplicationSupportsIndirectInputEvents = YES;
				INFOPLIST_KEY_UILaunchScreen_Generation = YES;
				INFOPLIST_KEY_UISupportedInterfaceOrientations_iPad = "UIInterfaceOrientationPortrait UIInterfaceOrientationPortraitUpsideDown UIInterfaceOrientationLandscapeLeft UIInterfaceOrientationLandscapeRight";
				INFOPLIST_KEY_UISupportedInterfaceOrientations_iPhone = "UIInterfaceOrientationPortrait UIInterfaceOrientationLandscapeLeft UIInterfaceOrientationLandscapeRight";
				IPHONEOS_DEPLOYMENT_TARGET = 16.0;
				LD_RUNPATH_SEARCH_PATHS = (
					"$(inherited)",
					"@executable_path/Frameworks",
				);
				MARKETING_VERSION = 1.0;
				PRODUCT_BUNDLE_IDENTIFIER = test.test.dow30SwiftUI;
				PRODUCT_NAME = "$(TARGET_NAME)";
				SWIFT_EMIT_LOC_STRINGS = YES;
				SWIFT_VERSION = 5.0;
				TARGETED_DEVICE_FAMILY = "1,2";
			};
			name = Release;
		};
/* End XCBuildConfiguration section */

/* Begin XCConfigurationList section */
		B422427D28BB1B20005DB8F2 /* Build configuration list for PBXProject "dow30SwiftUI" */ = {
			isa = XCConfigurationList;
			buildConfigurations = (
				B422428E28BB1B21005DB8F2 /* Debug */,
				B422428F28BB1B21005DB8F2 /* Release */,
			);
			defaultConfigurationIsVisible = 0;
			defaultConfigurationName = Release;
		};
		B422429028BB1B21005DB8F2 /* Build configuration list for PBXNativeTarget "dow30SwiftUI" */ = {
			isa = XCConfigurationList;
			buildConfigurations = (
				B422429128BB1B21005DB8F2 /* Debug */,
				B422429228BB1B21005DB8F2 /* Release */,
			);
			defaultConfigurationIsVisible = 0;
			defaultConfigurationName = Release;
		};
/* End XCConfigurationList section */
	};
	rootObject = B422427A28BB1B20005DB8F2 /* Project object */;
}
